{
  "originHash" : "42dc261ca2d2043a20f71c4d76ec7d00e51467000ee1c468e0f07da268fd67a9",
  "pins" : [
    {
      "identity" : "kingfisher",
      "kind" : "remoteSourceControl",
      "location" : "https://github.com/onevcat/Kingfisher.git",
      "state" : {
        "revision" : "cf8be20d07654570554c8a8a4952bc8a5766a8b0",
        "version" : "8.9.0"
      }
    },
    {
      "identity" : "swinject",
      "kind" : "remoteSourceControl",
      "location" : "https://github.com/Swinject/Swinject.git",
      "state" : {
        "revision" : "b685b549fe4d8ae265fc7a2f27d0789720425d69",
        "version" : "2.10.0"
      }
    }
  ],
  "version" : 3
}
